// !$*UTF8*$!
{
	archiveVersion = 1;
	classes = {
	};
	objectVersion = 51;
	objects = {

/* Begin PBXBuildFile section */
		44C78D6EE3FF2A5772C35634 /* Pods_financial_tracker_3.framework in Frameworks */ = {isa = PBXBuildFile; fileRef = 3A36CCF7E279E88815425597 /* Pods_financial_tracker_3.framework */; };
		D41043D126DE416300C3EBEE /* SpendingOverviewTable.swift in Sources */ = {isa = PBXBuildFile; fileRef = D41043D026DE416300C3EBEE /* SpendingOverviewTable.swift */; };
		D41043D426DF98FB00C3EBEE /* HistoryList.swift in Sources */ = {isa = PBXBuildFile; fileRef = D41043D326DF98FB00C3EBEE /* HistoryList.swift */; };
		D41043D626DF9A5B00C3EBEE /* MockTransactions.swift in Sources */ = {isa = PBXBuildFile; fileRef = D41043D526DF9A5B00C3EBEE /* MockTransactions.swift */; };
		D41043DA26E00C5600C3EBEE /* MonthDetail.swift in Sources */ = {isa = PBXBuildFile; fileRef = D41043D926E00C5600C3EBEE /* MonthDetail.swift */; };
		D41043DD26E0E1F700C3EBEE /* Array+Take.swift in Sources */ = {isa = PBXBuildFile; fileRef = D41043DC26E0E1F700C3EBEE /* Array+Take.swift */; };
		D41043DF26E0E22800C3EBEE /* Array+Sum.swift in Sources */ = {isa = PBXBuildFile; fileRef = D41043DE26E0E22800C3EBEE /* Array+Sum.swift */; };
		D41043E126E0E57900C3EBEE /* Array+Unique.swift in Sources */ = {isa = PBXBuildFile; fileRef = D41043E026E0E57900C3EBEE /* Array+Unique.swift */; };
		D41043E326E0E76800C3EBEE /* Date+Day.swift in Sources */ = {isa = PBXBuildFile; fileRef = D41043E226E0E76800C3EBEE /* Date+Day.swift */; };
		D41043E526E0E7A600C3EBEE /* Date+Month.swift in Sources */ = {isa = PBXBuildFile; fileRef = D41043E426E0E7A600C3EBEE /* Date+Month.swift */; };
		D41043E726E248BB00C3EBEE /* CurrentMonth.swift in Sources */ = {isa = PBXBuildFile; fileRef = D41043E626E248BB00C3EBEE /* CurrentMonth.swift */; };
		D41043E926E2494C00C3EBEE /* Date+Year.swift in Sources */ = {isa = PBXBuildFile; fileRef = D41043E826E2494C00C3EBEE /* Date+Year.swift */; };
		D41043EB26E24AA200C3EBEE /* TransactionCategory.swift in Sources */ = {isa = PBXBuildFile; fileRef = D41043EA26E24AA200C3EBEE /* TransactionCategory.swift */; };
		D41043EE26E24C9E00C3EBEE /* CategoryNameField.swift in Sources */ = {isa = PBXBuildFile; fileRef = D41043ED26E24C9E00C3EBEE /* CategoryNameField.swift */; };
		D41043F026E24F7300C3EBEE /* MockCategories.swift in Sources */ = {isa = PBXBuildFile; fileRef = D41043EF26E24F7300C3EBEE /* MockCategories.swift */; };
		D41043F226E24FF300C3EBEE /* MockAppModel.swift in Sources */ = {isa = PBXBuildFile; fileRef = D41043F126E24FF300C3EBEE /* MockAppModel.swift */; };
		D41043F826E2C60300C3EBEE /* SettingsView.swift in Sources */ = {isa = PBXBuildFile; fileRef = D41043F726E2C60300C3EBEE /* SettingsView.swift */; };
		D41043FB26E3A4DB00C3EBEE /* CategoryList.swift in Sources */ = {isa = PBXBuildFile; fileRef = D41043FA26E3A4DB00C3EBEE /* CategoryList.swift */; };
		D41043FD26E3A57100C3EBEE /* CategoryListItem.swift in Sources */ = {isa = PBXBuildFile; fileRef = D41043FC26E3A57100C3EBEE /* CategoryListItem.swift */; };
		D410440026E3B0BF00C3EBEE /* AddCategory.swift in Sources */ = {isa = PBXBuildFile; fileRef = D41043FF26E3B0BF00C3EBEE /* AddCategory.swift */; };
		D410440226E3B15D00C3EBEE /* CategoriesTable.swift in Sources */ = {isa = PBXBuildFile; fileRef = D410440126E3B15D00C3EBEE /* CategoriesTable.swift */; };
		D41BE15526E56DA1004AB431 /* TransactionService.swift in Sources */ = {isa = PBXBuildFile; fileRef = D41BE15426E56DA1004AB431 /* TransactionService.swift */; };
		D41BE15726E56DCA004AB431 /* CategoryService.swift in Sources */ = {isa = PBXBuildFile; fileRef = D41BE15626E56DCA004AB431 /* CategoryService.swift */; };
		D4622DD426E440D5000B4C40 /* Transaction+GroupedByCategory.swift in Sources */ = {isa = PBXBuildFile; fileRef = D4622DD326E440D5000B4C40 /* Transaction+GroupedByCategory.swift */; };
		D4622DD626E442B8000B4C40 /* Transaction+GroupedByMonth.swift in Sources */ = {isa = PBXBuildFile; fileRef = D4622DD526E442B8000B4C40 /* Transaction+GroupedByMonth.swift */; };
		D4622DD826E442F9000B4C40 /* TransactionType.swift in Sources */ = {isa = PBXBuildFile; fileRef = D4622DD726E442F9000B4C40 /* TransactionType.swift */; };
		D4622DDA26E44330000B4C40 /* Transaction+UniqueMonths.swift in Sources */ = {isa = PBXBuildFile; fileRef = D4622DD926E44330000B4C40 /* Transaction+UniqueMonths.swift */; };
		D4622DDC26E4441F000B4C40 /* firebase.swift in Sources */ = {isa = PBXBuildFile; fileRef = D4622DDB26E4441F000B4C40 /* firebase.swift */; };
		D4622DDE26E44668000B4C40 /* GoogleService-Info.plist in Resources */ = {isa = PBXBuildFile; fileRef = D4622DDD26E44668000B4C40 /* GoogleService-Info.plist */; };
		D4622DE626E447D0000B4C40 /* aui_tests.swift in Sources */ = {isa = PBXBuildFile; fileRef = D4622DE526E447D0000B4C40 /* aui_tests.swift */; };
		D473308926E99A04000DF283 /* financial_tracker_3App+Resolver.swift in Sources */ = {isa = PBXBuildFile; fileRef = D473308826E99A04000DF283 /* financial_tracker_3App+Resolver.swift */; };
		D49005BD26DAD47200EC4B50 /* financial_tracker_3App.swift in Sources */ = {isa = PBXBuildFile; fileRef = D49005BC26DAD47200EC4B50 /* financial_tracker_3App.swift */; };
		D49005BF26DAD47200EC4B50 /* ContentView.swift in Sources */ = {isa = PBXBuildFile; fileRef = D49005BE26DAD47200EC4B50 /* ContentView.swift */; };
		D49005C126DAD47300EC4B50 /* Assets.xcassets in Resources */ = {isa = PBXBuildFile; fileRef = D49005C026DAD47300EC4B50 /* Assets.xcassets */; };
		D49005C426DAD47300EC4B50 /* Preview Assets.xcassets in Resources */ = {isa = PBXBuildFile; fileRef = D49005C326DAD47300EC4B50 /* Preview Assets.xcassets */; };
		D49005CC26DAD55C00EC4B50 /* Transaction.swift in Sources */ = {isa = PBXBuildFile; fileRef = D49005CB26DAD55C00EC4B50 /* Transaction.swift */; };
		D49005D026DAD69000EC4B50 /* TransactionListItem.swift in Sources */ = {isa = PBXBuildFile; fileRef = D49005CF26DAD69000EC4B50 /* TransactionListItem.swift */; };
		D4CF527A26DC28DF006722DC /* TransactionForm.swift in Sources */ = {isa = PBXBuildFile; fileRef = D4CF527926DC28DF006722DC /* TransactionForm.swift */; };
		D4CF527C26DC2F6D006722DC /* AddNewTransactionForm.swift in Sources */ = {isa = PBXBuildFile; fileRef = D4CF527B26DC2F6D006722DC /* AddNewTransactionForm.swift */; };
		D4CF527E26DD83F0006722DC /* AppModel.swift in Sources */ = {isa = PBXBuildFile; fileRef = D4CF527D26DD83F0006722DC /* AppModel.swift */; };
		D4CF528026DDBD46006722DC /* TransactionDetailsList.swift in Sources */ = {isa = PBXBuildFile; fileRef = D4CF527F26DDBD46006722DC /* TransactionDetailsList.swift */; };
		D4CF528226DDC3D4006722DC /* EditTransactionForm.swift in Sources */ = {isa = PBXBuildFile; fileRef = D4CF528126DDC3D4006722DC /* EditTransactionForm.swift */; };
/* End PBXBuildFile section */

/* Begin PBXContainerItemProxy section */
		D4622DE826E447D0000B4C40 /* PBXContainerItemProxy */ = {
			isa = PBXContainerItemProxy;
			containerPortal = D49005B126DAD47200EC4B50 /* Project object */;
			proxyType = 1;
			remoteGlobalIDString = D49005B826DAD47200EC4B50;
			remoteInfo = "financial-tracker-3";
		};
/* End PBXContainerItemProxy section */

/* Begin PBXFileReference section */
		3A36CCF7E279E88815425597 /* Pods_financial_tracker_3.framework */ = {isa = PBXFileReference; explicitFileType = wrapper.framework; includeInIndex = 0; path = Pods_financial_tracker_3.framework; sourceTree = BUILT_PRODUCTS_DIR; };
		5E3C8BA8FBCC5FD8598D2C68 /* Pods-financial-tracker-3.release.xcconfig */ = {isa = PBXFileReference; includeInIndex = 1; lastKnownFileType = text.xcconfig; name = "Pods-financial-tracker-3.release.xcconfig"; path = "Target Support Files/Pods-financial-tracker-3/Pods-financial-tracker-3.release.xcconfig"; sourceTree = "<group>"; };
		7698D377CEB0E44189AE824A /* Pods-financial-tracker-3.debug.xcconfig */ = {isa = PBXFileReference; includeInIndex = 1; lastKnownFileType = text.xcconfig; name = "Pods-financial-tracker-3.debug.xcconfig"; path = "Target Support Files/Pods-financial-tracker-3/Pods-financial-tracker-3.debug.xcconfig"; sourceTree = "<group>"; };
		D41043D026DE416300C3EBEE /* SpendingOverviewTable.swift */ = {isa = PBXFileReference; lastKnownFileType = sourcecode.swift; path = SpendingOverviewTable.swift; sourceTree = "<group>"; };
		D41043D326DF98FB00C3EBEE /* HistoryList.swift */ = {isa = PBXFileReference; lastKnownFileType = sourcecode.swift; path = HistoryList.swift; sourceTree = "<group>"; };
		D41043D526DF9A5B00C3EBEE /* MockTransactions.swift */ = {isa = PBXFileReference; lastKnownFileType = sourcecode.swift; path = MockTransactions.swift; sourceTree = "<group>"; };
		D41043D926E00C5600C3EBEE /* MonthDetail.swift */ = {isa = PBXFileReference; lastKnownFileType = sourcecode.swift; path = MonthDetail.swift; sourceTree = "<group>"; };
		D41043DC26E0E1F700C3EBEE /* Array+Take.swift */ = {isa = PBXFileReference; lastKnownFileType = sourcecode.swift; path = "Array+Take.swift"; sourceTree = "<group>"; };
		D41043DE26E0E22800C3EBEE /* Array+Sum.swift */ = {isa = PBXFileReference; lastKnownFileType = sourcecode.swift; path = "Array+Sum.swift"; sourceTree = "<group>"; };
		D41043E026E0E57900C3EBEE /* Array+Unique.swift */ = {isa = PBXFileReference; lastKnownFileType = sourcecode.swift; path = "Array+Unique.swift"; sourceTree = "<group>"; };
		D41043E226E0E76800C3EBEE /* Date+Day.swift */ = {isa = PBXFileReference; lastKnownFileType = sourcecode.swift; path = "Date+Day.swift"; sourceTree = "<group>"; };
		D41043E426E0E7A600C3EBEE /* Date+Month.swift */ = {isa = PBXFileReference; lastKnownFileType = sourcecode.swift; path = "Date+Month.swift"; sourceTree = "<group>"; };
		D41043E626E248BB00C3EBEE /* CurrentMonth.swift */ = {isa = PBXFileReference; lastKnownFileType = sourcecode.swift; path = CurrentMonth.swift; sourceTree = "<group>"; };
		D41043E826E2494C00C3EBEE /* Date+Year.swift */ = {isa = PBXFileReference; lastKnownFileType = sourcecode.swift; path = "Date+Year.swift"; sourceTree = "<group>"; };
		D41043EA26E24AA200C3EBEE /* TransactionCategory.swift */ = {isa = PBXFileReference; lastKnownFileType = sourcecode.swift; path = TransactionCategory.swift; sourceTree = "<group>"; };
		D41043ED26E24C9E00C3EBEE /* CategoryNameField.swift */ = {isa = PBXFileReference; lastKnownFileType = sourcecode.swift; path = CategoryNameField.swift; sourceTree = "<group>"; };
		D41043EF26E24F7300C3EBEE /* MockCategories.swift */ = {isa = PBXFileReference; lastKnownFileType = sourcecode.swift; path = MockCategories.swift; sourceTree = "<group>"; };
		D41043F126E24FF300C3EBEE /* MockAppModel.swift */ = {isa = PBXFileReference; lastKnownFileType = sourcecode.swift; path = MockAppModel.swift; sourceTree = "<group>"; };
		D41043F726E2C60300C3EBEE /* SettingsView.swift */ = {isa = PBXFileReference; lastKnownFileType = sourcecode.swift; path = SettingsView.swift; sourceTree = "<group>"; };
		D41043FA26E3A4DB00C3EBEE /* CategoryList.swift */ = {isa = PBXFileReference; lastKnownFileType = sourcecode.swift; path = CategoryList.swift; sourceTree = "<group>"; };
		D41043FC26E3A57100C3EBEE /* CategoryListItem.swift */ = {isa = PBXFileReference; lastKnownFileType = sourcecode.swift; path = CategoryListItem.swift; sourceTree = "<group>"; };
		D41043FF26E3B0BF00C3EBEE /* AddCategory.swift */ = {isa = PBXFileReference; lastKnownFileType = sourcecode.swift; path = AddCategory.swift; sourceTree = "<group>"; };
		D410440126E3B15D00C3EBEE /* CategoriesTable.swift */ = {isa = PBXFileReference; lastKnownFileType = sourcecode.swift; path = CategoriesTable.swift; sourceTree = "<group>"; };
		D41BE15426E56DA1004AB431 /* TransactionService.swift */ = {isa = PBXFileReference; lastKnownFileType = sourcecode.swift; path = TransactionService.swift; sourceTree = "<group>"; };
		D41BE15626E56DCA004AB431 /* CategoryService.swift */ = {isa = PBXFileReference; lastKnownFileType = sourcecode.swift; path = CategoryService.swift; sourceTree = "<group>"; };
		D4622DD326E440D5000B4C40 /* Transaction+GroupedByCategory.swift */ = {isa = PBXFileReference; lastKnownFileType = sourcecode.swift; path = "Transaction+GroupedByCategory.swift"; sourceTree = "<group>"; };
		D4622DD526E442B8000B4C40 /* Transaction+GroupedByMonth.swift */ = {isa = PBXFileReference; lastKnownFileType = sourcecode.swift; path = "Transaction+GroupedByMonth.swift"; sourceTree = "<group>"; };
		D4622DD726E442F9000B4C40 /* TransactionType.swift */ = {isa = PBXFileReference; lastKnownFileType = sourcecode.swift; path = TransactionType.swift; sourceTree = "<group>"; };
		D4622DD926E44330000B4C40 /* Transaction+UniqueMonths.swift */ = {isa = PBXFileReference; lastKnownFileType = sourcecode.swift; path = "Transaction+UniqueMonths.swift"; sourceTree = "<group>"; };
		D4622DDB26E4441F000B4C40 /* firebase.swift */ = {isa = PBXFileReference; lastKnownFileType = sourcecode.swift; path = firebase.swift; sourceTree = "<group>"; };
		D4622DDD26E44668000B4C40 /* GoogleService-Info.plist */ = {isa = PBXFileReference; fileEncoding = 4; lastKnownFileType = text.plist.xml; name = "GoogleService-Info.plist"; path = "../../../../Downloads/GoogleService-Info.plist"; sourceTree = "<group>"; };
		D4622DE326E447D0000B4C40 /* aui-tests.xctest */ = {isa = PBXFileReference; explicitFileType = wrapper.cfbundle; includeInIndex = 0; path = "aui-tests.xctest"; sourceTree = BUILT_PRODUCTS_DIR; };
		D4622DE526E447D0000B4C40 /* aui_tests.swift */ = {isa = PBXFileReference; lastKnownFileType = sourcecode.swift; path = aui_tests.swift; sourceTree = "<group>"; };
		D4622DE726E447D0000B4C40 /* Info.plist */ = {isa = PBXFileReference; lastKnownFileType = text.plist.xml; path = Info.plist; sourceTree = "<group>"; };
		D473308826E99A04000DF283 /* financial_tracker_3App+Resolver.swift */ = {isa = PBXFileReference; lastKnownFileType = sourcecode.swift; path = "financial_tracker_3App+Resolver.swift"; sourceTree = "<group>"; };
		D49005B926DAD47200EC4B50 /* financial-tracker-3.app */ = {isa = PBXFileReference; explicitFileType = wrapper.application; includeInIndex = 0; path = "financial-tracker-3.app"; sourceTree = BUILT_PRODUCTS_DIR; };
		D49005BC26DAD47200EC4B50 /* financial_tracker_3App.swift */ = {isa = PBXFileReference; lastKnownFileType = sourcecode.swift; path = financial_tracker_3App.swift; sourceTree = "<group>"; };
		D49005BE26DAD47200EC4B50 /* ContentView.swift */ = {isa = PBXFileReference; lastKnownFileType = sourcecode.swift; path = ContentView.swift; sourceTree = "<group>"; };
		D49005C026DAD47300EC4B50 /* Assets.xcassets */ = {isa = PBXFileReference; lastKnownFileType = folder.assetcatalog; path = Assets.xcassets; sourceTree = "<group>"; };
		D49005C326DAD47300EC4B50 /* Preview Assets.xcassets */ = {isa = PBXFileReference; lastKnownFileType = folder.assetcatalog; path = "Preview Assets.xcassets"; sourceTree = "<group>"; };
		D49005C526DAD47300EC4B50 /* Info.plist */ = {isa = PBXFileReference; lastKnownFileType = text.plist.xml; path = Info.plist; sourceTree = "<group>"; };
		D49005CB26DAD55C00EC4B50 /* Transaction.swift */ = {isa = PBXFileReference; lastKnownFileType = sourcecode.swift; path = Transaction.swift; sourceTree = "<group>"; };
		D49005CF26DAD69000EC4B50 /* TransactionListItem.swift */ = {isa = PBXFileReference; lastKnownFileType = sourcecode.swift; path = TransactionListItem.swift; sourceTree = "<group>"; };
		D4CF527926DC28DF006722DC /* TransactionForm.swift */ = {isa = PBXFileReference; lastKnownFileType = sourcecode.swift; path = TransactionForm.swift; sourceTree = "<group>"; };
		D4CF527B26DC2F6D006722DC /* AddNewTransactionForm.swift */ = {isa = PBXFileReference; lastKnownFileType = sourcecode.swift; path = AddNewTransactionForm.swift; sourceTree = "<group>"; };
		D4CF527D26DD83F0006722DC /* AppModel.swift */ = {isa = PBXFileReference; lastKnownFileType = sourcecode.swift; path = AppModel.swift; sourceTree = "<group>"; };
		D4CF527F26DDBD46006722DC /* TransactionDetailsList.swift */ = {isa = PBXFileReference; lastKnownFileType = sourcecode.swift; path = TransactionDetailsList.swift; sourceTree = "<group>"; };
		D4CF528126DDC3D4006722DC /* EditTransactionForm.swift */ = {isa = PBXFileReference; lastKnownFileType = sourcecode.swift; path = EditTransactionForm.swift; sourceTree = "<group>"; };
/* End PBXFileReference section */

/* Begin PBXFrameworksBuildPhase section */
		D4622DE026E447D0000B4C40 /* Frameworks */ = {
			isa = PBXFrameworksBuildPhase;
			buildActionMask = 2147483647;
			files = (
			);
			runOnlyForDeploymentPostprocessing = 0;
		};
		D49005B626DAD47200EC4B50 /* Frameworks */ = {
			isa = PBXFrameworksBuildPhase;
			buildActionMask = 2147483647;
			files = (
				44C78D6EE3FF2A5772C35634 /* Pods_financial_tracker_3.framework in Frameworks */,
			);
			runOnlyForDeploymentPostprocessing = 0;
		};
/* End PBXFrameworksBuildPhase section */

/* Begin PBXGroup section */
		9EEB7DB60359BAE46FB0B4D4 /* Pods */ = {
			isa = PBXGroup;
			children = (
				7698D377CEB0E44189AE824A /* Pods-financial-tracker-3.debug.xcconfig */,
				5E3C8BA8FBCC5FD8598D2C68 /* Pods-financial-tracker-3.release.xcconfig */,
			);
			path = Pods;
			sourceTree = "<group>";
		};
		D3D97F94434854A7C9CCD45A /* Frameworks */ = {
			isa = PBXGroup;
			children = (
				3A36CCF7E279E88815425597 /* Pods_financial_tracker_3.framework */,
			);
			name = Frameworks;
			sourceTree = "<group>";
		};
		D41043D226DF98E800C3EBEE /* History */ = {
			isa = PBXGroup;
			children = (
				D41043D326DF98FB00C3EBEE /* HistoryList.swift */,
			);
			path = History;
			sourceTree = "<group>";
		};
		D41043DB26E0E1C300C3EBEE /* Utilities */ = {
			isa = PBXGroup;
			children = (
				D41043DC26E0E1F700C3EBEE /* Array+Take.swift */,
				D41043DE26E0E22800C3EBEE /* Array+Sum.swift */,
				D41043E026E0E57900C3EBEE /* Array+Unique.swift */,
				D41043E226E0E76800C3EBEE /* Date+Day.swift */,
				D41043E426E0E7A600C3EBEE /* Date+Month.swift */,
				D41043E826E2494C00C3EBEE /* Date+Year.swift */,
				D4622DD326E440D5000B4C40 /* Transaction+GroupedByCategory.swift */,
				D4622DD526E442B8000B4C40 /* Transaction+GroupedByMonth.swift */,
				D4622DD926E44330000B4C40 /* Transaction+UniqueMonths.swift */,
			);
			path = Utilities;
			sourceTree = "<group>";
		};
		D41043EC26E24C8E00C3EBEE /* Category */ = {
			isa = PBXGroup;
			children = (
				D41043ED26E24C9E00C3EBEE /* CategoryNameField.swift */,
				D41043FA26E3A4DB00C3EBEE /* CategoryList.swift */,
				D41043FC26E3A57100C3EBEE /* CategoryListItem.swift */,
				D41043FF26E3B0BF00C3EBEE /* AddCategory.swift */,
				D410440126E3B15D00C3EBEE /* CategoriesTable.swift */,
			);
			path = Category;
			sourceTree = "<group>";
		};
		D41043F626E2C5F300C3EBEE /* Settings */ = {
			isa = PBXGroup;
			children = (
				D41043F726E2C60300C3EBEE /* SettingsView.swift */,
			);
			path = Settings;
			sourceTree = "<group>";
		};
		D41043F926E3A43B00C3EBEE /* Transaction */ = {
			isa = PBXGroup;
			children = (
				D4CF527B26DC2F6D006722DC /* AddNewTransactionForm.swift */,
				D4CF528126DDC3D4006722DC /* EditTransactionForm.swift */,
				D4CF527F26DDBD46006722DC /* TransactionDetailsList.swift */,
				D4CF527926DC28DF006722DC /* TransactionForm.swift */,
				D49005CF26DAD69000EC4B50 /* TransactionListItem.swift */,
			);
			path = Transaction;
			sourceTree = "<group>";
		};
		D41043FE26E3A68000C3EBEE /* MonthDetail */ = {
			isa = PBXGroup;
			children = (
				D41043E626E248BB00C3EBEE /* CurrentMonth.swift */,
				D41043D026DE416300C3EBEE /* SpendingOverviewTable.swift */,
				D41043D926E00C5600C3EBEE /* MonthDetail.swift */,
			);
			path = MonthDetail;
			sourceTree = "<group>";
		};
		D41BE15326E56D8F004AB431 /* Services */ = {
			isa = PBXGroup;
			children = (
				D41BE15426E56DA1004AB431 /* TransactionService.swift */,
				D41BE15626E56DCA004AB431 /* CategoryService.swift */,
			);
			path = Services;
			sourceTree = "<group>";
		};
		D4622DE426E447D0000B4C40 /* aui-tests */ = {
			isa = PBXGroup;
			children = (
				D4622DE526E447D0000B4C40 /* aui_tests.swift */,
				D4622DE726E447D0000B4C40 /* Info.plist */,
			);
			path = "aui-tests";
			sourceTree = "<group>";
		};
		D49005B026DAD47200EC4B50 = {
			isa = PBXGroup;
			children = (
				D473308826E99A04000DF283 /* financial_tracker_3App+Resolver.swift */,
				D49005BB26DAD47200EC4B50 /* financial-tracker-3 */,
				D4622DE426E447D0000B4C40 /* aui-tests */,
				D49005BA26DAD47200EC4B50 /* Products */,
				9EEB7DB60359BAE46FB0B4D4 /* Pods */,
				D3D97F94434854A7C9CCD45A /* Frameworks */,
			);
			sourceTree = "<group>";
		};
		D49005BA26DAD47200EC4B50 /* Products */ = {
			isa = PBXGroup;
			children = (
				D49005B926DAD47200EC4B50 /* financial-tracker-3.app */,
				D4622DE326E447D0000B4C40 /* aui-tests.xctest */,
			);
			name = Products;
			sourceTree = "<group>";
		};
		D49005BB26DAD47200EC4B50 /* financial-tracker-3 */ = {
			isa = PBXGroup;
			children = (
				D41BE15326E56D8F004AB431 /* Services */,
				D4622DDD26E44668000B4C40 /* GoogleService-Info.plist */,
				D41043FE26E3A68000C3EBEE /* MonthDetail */,
				D41043F926E3A43B00C3EBEE /* Transaction */,
				D41043F626E2C5F300C3EBEE /* Settings */,
				D41043EC26E24C8E00C3EBEE /* Category */,
				D41043DB26E0E1C300C3EBEE /* Utilities */,
				D41043D226DF98E800C3EBEE /* History */,
				D49005CD26DAD65A00EC4B50 /* Models */,
				D49005BC26DAD47200EC4B50 /* financial_tracker_3App.swift */,
				D49005BE26DAD47200EC4B50 /* ContentView.swift */,
				D49005C026DAD47300EC4B50 /* Assets.xcassets */,
				D49005C526DAD47300EC4B50 /* Info.plist */,
				D49005C226DAD47300EC4B50 /* Preview Content */,
				D4622DDB26E4441F000B4C40 /* firebase.swift */,
			);
			path = "financial-tracker-3";
			sourceTree = "<group>";
		};
		D49005C226DAD47300EC4B50 /* Preview Content */ = {
			isa = PBXGroup;
			children = (
				D49005C326DAD47300EC4B50 /* Preview Assets.xcassets */,
				D41043D526DF9A5B00C3EBEE /* MockTransactions.swift */,
				D41043EF26E24F7300C3EBEE /* MockCategories.swift */,
				D41043F126E24FF300C3EBEE /* MockAppModel.swift */,
			);
			path = "Preview Content";
			sourceTree = "<group>";
		};
		D49005CD26DAD65A00EC4B50 /* Models */ = {
			isa = PBXGroup;
			children = (
				D49005CB26DAD55C00EC4B50 /* Transaction.swift */,
				D4CF527D26DD83F0006722DC /* AppModel.swift */,
				D41043EA26E24AA200C3EBEE /* TransactionCategory.swift */,
				D4622DD726E442F9000B4C40 /* TransactionType.swift */,
			);
			path = Models;
			sourceTree = "<group>";
		};
/* End PBXGroup section */

/* Begin PBXNativeTarget section */
		D4622DE226E447D0000B4C40 /* aui-tests */ = {
			isa = PBXNativeTarget;
			buildConfigurationList = D4622DEA26E447D0000B4C40 /* Build configuration list for PBXNativeTarget "aui-tests" */;
			buildPhases = (
				D4622DDF26E447D0000B4C40 /* Sources */,
				D4622DE026E447D0000B4C40 /* Frameworks */,
				D4622DE126E447D0000B4C40 /* Resources */,
			);
			buildRules = (
			);
			dependencies = (
				D4622DE926E447D0000B4C40 /* PBXTargetDependency */,
			);
			name = "aui-tests";
			productName = "aui-tests";
			productReference = D4622DE326E447D0000B4C40 /* aui-tests.xctest */;
			productType = "com.apple.product-type.bundle.ui-testing";
		};
		D49005B826DAD47200EC4B50 /* financial-tracker-3 */ = {
			isa = PBXNativeTarget;
			buildConfigurationList = D49005C826DAD47300EC4B50 /* Build configuration list for PBXNativeTarget "financial-tracker-3" */;
			buildPhases = (
				5C463FC04D8AA311484CAE0D /* [CP] Check Pods Manifest.lock */,
				D49005B526DAD47200EC4B50 /* Sources */,
				D49005B626DAD47200EC4B50 /* Frameworks */,
				D49005B726DAD47200EC4B50 /* Resources */,
				71975EA0A8684E95DA58C0E5 /* [CP] Embed Pods Frameworks */,
			);
			buildRules = (
			);
			dependencies = (
			);
			name = "financial-tracker-3";
			productName = "financial-tracker-3";
			productReference = D49005B926DAD47200EC4B50 /* financial-tracker-3.app */;
			productType = "com.apple.product-type.application";
		};
/* End PBXNativeTarget section */

/* Begin PBXProject section */
		D49005B126DAD47200EC4B50 /* Project object */ = {
			isa = PBXProject;
			attributes = {
				LastSwiftUpdateCheck = 1250;
				LastUpgradeCheck = 1250;
				TargetAttributes = {
					D4622DE226E447D0000B4C40 = {
						CreatedOnToolsVersion = 12.5.1;
						TestTargetID = D49005B826DAD47200EC4B50;
					};
					D49005B826DAD47200EC4B50 = {
						CreatedOnToolsVersion = 12.5.1;
					};
				};
			};
			buildConfigurationList = D49005B426DAD47200EC4B50 /* Build configuration list for PBXProject "financial-tracker-3" */;
			compatibilityVersion = "Xcode 9.3";
			developmentRegion = en;
			hasScannedForEncodings = 0;
			knownRegions = (
				en,
				Base,
			);
			mainGroup = D49005B026DAD47200EC4B50;
			productRefGroup = D49005BA26DAD47200EC4B50 /* Products */;
			projectDirPath = "";
			projectRoot = "";
			targets = (
				D49005B826DAD47200EC4B50 /* financial-tracker-3 */,
				D4622DE226E447D0000B4C40 /* aui-tests */,
			);
		};
/* End PBXProject section */

/* Begin PBXResourcesBuildPhase section */
		D4622DE126E447D0000B4C40 /* Resources */ = {
			isa = PBXResourcesBuildPhase;
			buildActionMask = 2147483647;
			files = (
			);
			runOnlyForDeploymentPostprocessing = 0;
		};
		D49005B726DAD47200EC4B50 /* Resources */ = {
			isa = PBXResourcesBuildPhase;
			buildActionMask = 2147483647;
			files = (
				D49005C426DAD47300EC4B50 /* Preview Assets.xcassets in Resources */,
				D49005C126DAD47300EC4B50 /* Assets.xcassets in Resources */,
				D4622DDE26E44668000B4C40 /* GoogleService-Info.plist in Resources */,
			);
			runOnlyForDeploymentPostprocessing = 0;
		};
/* End PBXResourcesBuildPhase section */

/* Begin PBXShellScriptBuildPhase section */
		5C463FC04D8AA311484CAE0D /* [CP] Check Pods Manifest.lock */ = {
			isa = PBXShellScriptBuildPhase;
			buildActionMask = 2147483647;
			files = (
			);
			inputFileListPaths = (
			);
			inputPaths = (
				"${PODS_PODFILE_DIR_PATH}/Podfile.lock",
				"${PODS_ROOT}/Manifest.lock",
			);
			name = "[CP] Check Pods Manifest.lock";
			outputFileListPaths = (
			);
			outputPaths = (
				"$(DERIVED_FILE_DIR)/Pods-financial-tracker-3-checkManifestLockResult.txt",
			);
			runOnlyForDeploymentPostprocessing = 0;
			shellPath = /bin/sh;
			shellScript = "diff \"${PODS_PODFILE_DIR_PATH}/Podfile.lock\" \"${PODS_ROOT}/Manifest.lock\" > /dev/null\nif [ $? != 0 ] ; then\n    # print error to STDERR\n    echo \"error: The sandbox is not in sync with the Podfile.lock. Run 'pod install' or update your CocoaPods installation.\" >&2\n    exit 1\nfi\n# This output is used by Xcode 'outputs' to avoid re-running this script phase.\necho \"SUCCESS\" > \"${SCRIPT_OUTPUT_FILE_0}\"\n";
			showEnvVarsInLog = 0;
		};
		71975EA0A8684E95DA58C0E5 /* [CP] Embed Pods Frameworks */ = {
			isa = PBXShellScriptBuildPhase;
			buildActionMask = 2147483647;
			files = (
			);
			inputFileListPaths = (
				"${PODS_ROOT}/Target Support Files/Pods-financial-tracker-3/Pods-financial-tracker-3-frameworks-${CONFIGURATION}-input-files.xcfilelist",
			);
			name = "[CP] Embed Pods Frameworks";
			outputFileListPaths = (
				"${PODS_ROOT}/Target Support Files/Pods-financial-tracker-3/Pods-financial-tracker-3-frameworks-${CONFIGURATION}-output-files.xcfilelist",
			);
			runOnlyForDeploymentPostprocessing = 0;
			shellPath = /bin/sh;
			shellScript = "\"${PODS_ROOT}/Target Support Files/Pods-financial-tracker-3/Pods-financial-tracker-3-frameworks.sh\"\n";
			showEnvVarsInLog = 0;
		};
/* End PBXShellScriptBuildPhase section */

/* Begin PBXSourcesBuildPhase section */
		D4622DDF26E447D0000B4C40 /* Sources */ = {
			isa = PBXSourcesBuildPhase;
			buildActionMask = 2147483647;
			files = (
				D4622DE626E447D0000B4C40 /* aui_tests.swift in Sources */,
			);
			runOnlyForDeploymentPostprocessing = 0;
		};
		D49005B526DAD47200EC4B50 /* Sources */ = {
			isa = PBXSourcesBuildPhase;
			buildActionMask = 2147483647;
			files = (
				D4CF528226DDC3D4006722DC /* EditTransactionForm.swift in Sources */,
				D49005BF26DAD47200EC4B50 /* ContentView.swift in Sources */,
				D410440226E3B15D00C3EBEE /* CategoriesTable.swift in Sources */,
				D41BE15726E56DCA004AB431 /* CategoryService.swift in Sources */,
				D49005D026DAD69000EC4B50 /* TransactionListItem.swift in Sources */,
				D4CF527E26DD83F0006722DC /* AppModel.swift in Sources */,
				D4622DD626E442B8000B4C40 /* Transaction+GroupedByMonth.swift in Sources */,
				D49005BD26DAD47200EC4B50 /* financial_tracker_3App.swift in Sources */,
				D4622DD426E440D5000B4C40 /* Transaction+GroupedByCategory.swift in Sources */,
				D41043E926E2494C00C3EBEE /* Date+Year.swift in Sources */,
				D41043F026E24F7300C3EBEE /* MockCategories.swift in Sources */,
				D41043E326E0E76800C3EBEE /* Date+Day.swift in Sources */,
				D41043EE26E24C9E00C3EBEE /* CategoryNameField.swift in Sources */,
				D41043E526E0E7A600C3EBEE /* Date+Month.swift in Sources */,
				D41043D426DF98FB00C3EBEE /* HistoryList.swift in Sources */,
				D4622DDC26E4441F000B4C40 /* firebase.swift in Sources */,
				D4622DDA26E44330000B4C40 /* Transaction+UniqueMonths.swift in Sources */,
				D410440026E3B0BF00C3EBEE /* AddCategory.swift in Sources */,
				D41043DA26E00C5600C3EBEE /* MonthDetail.swift in Sources */,
				D41043D626DF9A5B00C3EBEE /* MockTransactions.swift in Sources */,
				D41043DF26E0E22800C3EBEE /* Array+Sum.swift in Sources */,
				D4CF527A26DC28DF006722DC /* TransactionForm.swift in Sources */,
				D41043E726E248BB00C3EBEE /* CurrentMonth.swift in Sources */,
				D41043FB26E3A4DB00C3EBEE /* CategoryList.swift in Sources */,
				D41BE15526E56DA1004AB431 /* TransactionService.swift in Sources */,
				D41043DD26E0E1F700C3EBEE /* Array+Take.swift in Sources */,
				D4CF527C26DC2F6D006722DC /* AddNewTransactionForm.swift in Sources */,
				D41043D126DE416300C3EBEE /* SpendingOverviewTable.swift in Sources */,
				D4622DD826E442F9000B4C40 /* TransactionType.swift in Sources */,
				D41043F826E2C60300C3EBEE /* SettingsView.swift in Sources */,
				D49005CC26DAD55C00EC4B50 /* Transaction.swift in Sources */,
				D41043F226E24FF300C3EBEE /* MockAppModel.swift in Sources */,
				D41043E126E0E57900C3EBEE /* Array+Unique.swift in Sources */,
				D41043EB26E24AA200C3EBEE /* TransactionCategory.swift in Sources */,
				D41043FD26E3A57100C3EBEE /* CategoryListItem.swift in Sources */,
				D4CF528026DDBD46006722DC /* TransactionDetailsList.swift in Sources */,
				D473308926E99A04000DF283 /* financial_tracker_3App+Resolver.swift in Sources */,
			);
			runOnlyForDeploymentPostprocessing = 0;
		};
/* End PBXSourcesBuildPhase section */

/* Begin PBXTargetDependency section */
		D4622DE926E447D0000B4C40 /* PBXTargetDependency */ = {
			isa = PBXTargetDependency;
			target = D49005B826DAD47200EC4B50 /* financial-tracker-3 */;
			targetProxy = D4622DE826E447D0000B4C40 /* PBXContainerItemProxy */;
		};
/* End PBXTargetDependency section */

/* Begin XCBuildConfiguration section */
		D4622DEB26E447D0000B4C40 /* Debug */ = {
			isa = XCBuildConfiguration;
			buildSettings = {
				CODE_SIGN_STYLE = Automatic;
				DEVELOPMENT_TEAM = MJTX5ATL35;
				INFOPLIST_FILE = "aui-tests/Info.plist";
				LD_RUNPATH_SEARCH_PATHS = (
					"$(inherited)",
					"@executable_path/Frameworks",
					"@loader_path/Frameworks",
				);
				PRODUCT_BUNDLE_IDENTIFIER = "com.baileypearson.aui-tests";
				PRODUCT_NAME = "$(TARGET_NAME)";
				SWIFT_VERSION = 5.0;
				TARGETED_DEVICE_FAMILY = "1,2";
				TEST_TARGET_NAME = "financial-tracker-3";
			};
			name = Debug;
		};
		D4622DEC26E447D0000B4C40 /* Release */ = {
			isa = XCBuildConfiguration;
			buildSettings = {
				CODE_SIGN_STYLE = Automatic;
				DEVELOPMENT_TEAM = MJTX5ATL35;
				INFOPLIST_FILE = "aui-tests/Info.plist";
				LD_RUNPATH_SEARCH_PATHS = (
					"$(inherited)",
					"@executable_path/Frameworks",
					"@loader_path/Frameworks",
				);
				PRODUCT_BUNDLE_IDENTIFIER = "com.baileypearson.aui-tests";
				PRODUCT_NAME = "$(TARGET_NAME)";
				SWIFT_VERSION = 5.0;
				TARGETED_DEVICE_FAMILY = "1,2";
				TEST_TARGET_NAME = "financial-tracker-3";
			};
			name = Release;
		};
		D49005C626DAD47300EC4B50 /* Debug */ = {
			isa = XCBuildConfiguration;
			buildSettings = {
				ALWAYS_SEARCH_USER_PATHS = NO;
				CLANG_ANALYZER_NONNULL = YES;
				CLANG_ANALYZER_NUMBER_OBJECT_CONVERSION = YES_AGGRESSIVE;
				CLANG_CXX_LANGUAGE_STANDARD = "gnu++14";
				CLANG_CXX_LIBRARY = "libc++";
				CLANG_ENABLE_MODULES = YES;
				CLANG_ENABLE_OBJC_ARC = YES;
				CLANG_ENABLE_OBJC_WEAK = YES;
				CLANG_WARN_BLOCK_CAPTURE_AUTORELEASING = YES;
				CLANG_WARN_BOOL_CONVERSION = YES;
				CLANG_WARN_COMMA = YES;
				CLANG_WARN_CONSTANT_CONVERSION = YES;
				CLANG_WARN_DEPRECATED_OBJC_IMPLEMENTATIONS = YES;
				CLANG_WARN_DIRECT_OBJC_ISA_USAGE = YES_ERROR;
				CLANG_WARN_DOCUMENTATION_COMMENTS = YES;
				CLANG_WARN_EMPTY_BODY = YES;
				CLANG_WARN_ENUM_CONVERSION = YES;
				CLANG_WARN_INFINITE_RECURSION = YES;
				CLANG_WARN_INT_CONVERSION = YES;
				CLANG_WARN_NON_LITERAL_NULL_CONVERSION = YES;
				CLANG_WARN_OBJC_IMPLICIT_RETAIN_SELF = YES;
				CLANG_WARN_OBJC_LITERAL_CONVERSION = YES;
				CLANG_WARN_OBJC_ROOT_CLASS = YES_ERROR;
				CLANG_WARN_QUOTED_INCLUDE_IN_FRAMEWORK_HEADER = YES;
				CLANG_WARN_RANGE_LOOP_ANALYSIS = YES;
				CLANG_WARN_STRICT_PROTOTYPES = YES;
				CLANG_WARN_SUSPICIOUS_MOVE = YES;
				CLANG_WARN_UNGUARDED_AVAILABILITY = YES_AGGRESSIVE;
				CLANG_WARN_UNREACHABLE_CODE = YES;
				CLANG_WARN__DUPLICATE_METHOD_MATCH = YES;
				COPY_PHASE_STRIP = NO;
				DEBUG_INFORMATION_FORMAT = dwarf;
				ENABLE_STRICT_OBJC_MSGSEND = YES;
				ENABLE_TESTABILITY = YES;
				GCC_C_LANGUAGE_STANDARD = gnu11;
				GCC_DYNAMIC_NO_PIC = NO;
				GCC_NO_COMMON_BLOCKS = YES;
				GCC_OPTIMIZATION_LEVEL = 0;
				GCC_PREPROCESSOR_DEFINITIONS = (
					"DEBUG=1",
					"$(inherited)",
				);
				GCC_WARN_64_TO_32_BIT_CONVERSION = YES;
				GCC_WARN_ABOUT_RETURN_TYPE = YES_ERROR;
				GCC_WARN_UNDECLARED_SELECTOR = YES;
				GCC_WARN_UNINITIALIZED_AUTOS = YES_AGGRESSIVE;
				GCC_WARN_UNUSED_FUNCTION = YES;
				GCC_WARN_UNUSED_VARIABLE = YES;
				IPHONEOS_DEPLOYMENT_TARGET = 14.5;
				MTL_ENABLE_DEBUG_INFO = INCLUDE_SOURCE;
				MTL_FAST_MATH = YES;
				ONLY_ACTIVE_ARCH = YES;
				SDKROOT = iphoneos;
				SWIFT_ACTIVE_COMPILATION_CONDITIONS = DEBUG;
				SWIFT_OPTIMIZATION_LEVEL = "-Onone";
			};
			name = Debug;
		};
		D49005C726DAD47300EC4B50 /* Release */ = {
			isa = XCBuildConfiguration;
			buildSettings = {
				ALWAYS_SEARCH_USER_PATHS = NO;
				CLANG_ANALYZER_NONNULL = YES;
				CLANG_ANALYZER_NUMBER_OBJECT_CONVERSION = YES_AGGRESSIVE;
				CLANG_CXX_LANGUAGE_STANDARD = "gnu++14";
				CLANG_CXX_LIBRARY = "libc++";
				CLANG_ENABLE_MODULES = YES;
				CLANG_ENABLE_OBJC_ARC = YES;
				CLANG_ENABLE_OBJC_WEAK = YES;
				CLANG_WARN_BLOCK_CAPTURE_AUTORELEASING = YES;
				CLANG_WARN_BOOL_CONVERSION = YES;
				CLANG_WARN_COMMA = YES;
				CLANG_WARN_CONSTANT_CONVERSION = YES;
				CLANG_WARN_DEPRECATED_OBJC_IMPLEMENTATIONS = YES;
				CLANG_WARN_DIRECT_OBJC_ISA_USAGE = YES_ERROR;
				CLANG_WARN_DOCUMENTATION_COMMENTS = YES;
				CLANG_WARN_EMPTY_BODY = YES;
				CLANG_WARN_ENUM_CONVERSION = YES;
				CLANG_WARN_INFINITE_RECURSION = YES;
				CLANG_WARN_INT_CONVERSION = YES;
				CLANG_WARN_NON_LITERAL_NULL_CONVERSION = YES;
				CLANG_WARN_OBJC_IMPLICIT_RETAIN_SELF = YES;
				CLANG_WARN_OBJC_LITERAL_CONVERSION = YES;
				CLANG_WARN_OBJC_ROOT_CLASS = YES_ERROR;
				CLANG_WARN_QUOTED_INCLUDE_IN_FRAMEWORK_HEADER = YES;
				CLANG_WARN_RANGE_LOOP_ANALYSIS = YES;
				CLANG_WARN_STRICT_PROTOTYPES = YES;
				CLANG_WARN_SUSPICIOUS_MOVE = YES;
				CLANG_WARN_UNGUARDED_AVAILABILITY = YES_AGGRESSIVE;
				CLANG_WARN_UNREACHABLE_CODE = YES;
				CLANG_WARN__DUPLICATE_METHOD_MATCH = YES;
				COPY_PHASE_STRIP = NO;
				DEBUG_INFORMATION_FORMAT = "dwarf-with-dsym";
				ENABLE_NS_ASSERTIONS = NO;
				ENABLE_STRICT_OBJC_MSGSEND = YES;
				GCC_C_LANGUAGE_STANDARD = gnu11;
				GCC_NO_COMMON_BLOCKS = YES;
				GCC_WARN_64_TO_32_BIT_CONVERSION = YES;
				GCC_WARN_ABOUT_RETURN_TYPE = YES_ERROR;
				GCC_WARN_UNDECLARED_SELECTOR = YES;
				GCC_WARN_UNINITIALIZED_AUTOS = YES_AGGRESSIVE;
				GCC_WARN_UNUSED_FUNCTION = YES;
				GCC_WARN_UNUSED_VARIABLE = YES;
				IPHONEOS_DEPLOYMENT_TARGET = 14.5;
				MTL_ENABLE_DEBUG_INFO = NO;
				MTL_FAST_MATH = YES;
				SDKROOT = iphoneos;
				SWIFT_COMPILATION_MODE = wholemodule;
				SWIFT_OPTIMIZATION_LEVEL = "-O";
				VALIDATE_PRODUCT = YES;
			};
			name = Release;
		};
		D49005C926DAD47300EC4B50 /* Debug */ = {
			isa = XCBuildConfiguration;
			baseConfigurationReference = 7698D377CEB0E44189AE824A /* Pods-financial-tracker-3.debug.xcconfig */;
			buildSettings = {
				ASSETCATALOG_COMPILER_APPICON_NAME = AppIcon;
				ASSETCATALOG_COMPILER_GLOBAL_ACCENT_COLOR_NAME = AccentColor;
				CODE_SIGN_STYLE = Automatic;
				DEVELOPMENT_ASSET_PATHS = "\"financial-tracker-3/Preview Content\"";
				DEVELOPMENT_TEAM = MJTX5ATL35;
				ENABLE_PREVIEWS = YES;
				INFOPLIST_FILE = "financial-tracker-3/Info.plist";
				IPHONEOS_DEPLOYMENT_TARGET = 14.0;
				LD_RUNPATH_SEARCH_PATHS = (
					"$(inherited)",
					"@executable_path/Frameworks",
				);
				PRODUCT_BUNDLE_IDENTIFIER = com.baileypearson;
				PRODUCT_NAME = "$(TARGET_NAME)";
				SWIFT_VERSION = 5.0;
				TARGETED_DEVICE_FAMILY = "1,2";
			};
			name = Debug;
		};
		D49005CA26DAD47300EC4B50 /* Release */ = {
			isa = XCBuildConfiguration;
			baseConfigurationReference = 5E3C8BA8FBCC5FD8598D2C68 /* Pods-financial-tracker-3.release.xcconfig */;
			buildSettings = {
				ASSETCATALOG_COMPILER_APPICON_NAME = AppIcon;
				ASSETCATALOG_COMPILER_GLOBAL_ACCENT_COLOR_NAME = AccentColor;
				CODE_SIGN_STYLE = Automatic;
				DEVELOPMENT_ASSET_PATHS = "\"financial-tracker-3/Preview Content\"";
				DEVELOPMENT_TEAM = MJTX5ATL35;
				ENABLE_PREVIEWS = YES;
				INFOPLIST_FILE = "financial-tracker-3/Info.plist";
				IPHONEOS_DEPLOYMENT_TARGET = 14.0;
				LD_RUNPATH_SEARCH_PATHS = (
					"$(inherited)",
					"@executable_path/Frameworks",
				);
				PRODUCT_BUNDLE_IDENTIFIER = com.baileypearson;
				PRODUCT_NAME = "$(TARGET_NAME)";
				SWIFT_VERSION = 5.0;
				TARGETED_DEVICE_FAMILY = "1,2";
			};
			name = Release;
		};
/* End XCBuildConfiguration section */

/* Begin XCConfigurationList section */
		D4622DEA26E447D0000B4C40 /* Build configuration list for PBXNativeTarget "aui-tests" */ = {
			isa = XCConfigurationList;
			buildConfigurations = (
				D4622DEB26E447D0000B4C40 /* Debug */,
				D4622DEC26E447D0000B4C40 /* Release */,
			);
			defaultConfigurationIsVisible = 0;
			defaultConfigurationName = Release;
		};
		D49005B426DAD47200EC4B50 /* Build configuration list for PBXProject "financial-tracker-3" */ = {
			isa = XCConfigurationList;
			buildConfigurations = (
				D49005C626DAD47300EC4B50 /* Debug */,
				D49005C726DAD47300EC4B50 /* Release */,
			);
			defaultConfigurationIsVisible = 0;
			defaultConfigurationName = Release;
		};
		D49005C826DAD47300EC4B50 /* Build configuration list for PBXNativeTarget "financial-tracker-3" */ = {
			isa = XCConfigurationList;
			buildConfigurations = (
				D49005C926DAD47300EC4B50 /* Debug */,
				D49005CA26DAD47300EC4B50 /* Release */,
			);
			defaultConfigurationIsVisible = 0;
			defaultConfigurationName = Release;
		};
/* End XCConfigurationList section */
	};
	rootObject = D49005B126DAD47200EC4B50 /* Project object */;
}
